{
  "requires": true,
  "lockfileVersion": 1,
  "dependencies": {
    "timeme.js": {
      "version": "2.0.4",
      "resolved": "https://registry.npmjs.org/timeme.js/-/timeme.js-2.0.4.tgz",
      "integrity": "sha512-aCf5iwhglWI8POikFGEEh86CRJYPrNm2/XBydpshcXTtl7uDN8fHh0vR8F7Cw0E3xsTTzz5F2fy9gt+EjXnVlw=="
    }
  }
}
